# This file is automatically @generated by Cargo.
# It is not intended for manual editing.
version = 4

[[package]]
name = "rscsi"
version = "0.0.1"
dependencies = [
 "rscsi-core",
 "rscsi-multipath",
 "rscsi-sbc",
 "rscsi-spc",
 "rscsi-transport",
 "rscsi-transport-iscsi",
 "rscsi-util",
]

[[package]]
name = "rscsi-core"
version = "0.0.1"

[[package]]
name = "rscsi-multipath"
version = "0.0.1"

[[package]]
name = "rscsi-sbc"
version = "0.0.1"

[[package]]
name = "rscsi-spc"
version = "0.0.1"

[[package]]
name = "rscsi-transport"
version = "0.0.1"

[[package]]
name = "rscsi-transport-iscsi"
version = "0.0.1"

[[package]]
name = "rscsi-util"
version = "0.0.1"
